
Microsoft Visual Studio Solution File, Format Version 12.00
# Visual Studio Version 17
VisualStudioVersion = 17.0.31903.59
MinimumVisualStudioVersion = 10.0.40219.1
Project("{FAE04EC0-301F-11D3-BF4B-00C04F79EFBC}") = "FarShell.Client", "FarShell.Client\FarShell.Client.csproj", "{17BC9A58-AA63-48B0-BF8D-F507C5DEACB0}"
EndProject
Project("{FAE04EC0-301F-11D3-BF4B-00C04F79EFBC}") = "FarShell.Broker", "FarShell.Broker\FarShell.Broker.csproj", "{59F4A8CB-3C8B-4962-A877-4B58F0285CC4}"
EndProject
Project("{FAE04EC0-301F-11D3-BF4B-00C04F79EFBC}") = "FarShell.Protocol", "FarShell.Protocol\FarShell.Protocol.csproj", "{18AD088F-B816-4D9D-BBF3-53C21B39CAC7}"
EndProject
Project("{FAE04EC0-301F-11D3-BF4B-00C04F79EFBC}") = "FarShell.ConPTY", "FarShell.ConPTY\FarShell.ConPTY.csproj", "{FDE964AC-9B7D-47D3-A3CA-2D0CC0B8A0E4}"
EndProject
Global
	GlobalSection(SolutionConfigurationPlatforms) = preSolution
		Debug|Any CPU = Debug|Any CPU
		Debug|x64 = Debug|x64
		Debug|x86 = Debug|x86
		Release|Any CPU = Release|Any CPU
		Release|x64 = Release|x64
		Release|x86 = Release|x86
	EndGlobalSection
	GlobalSection(ProjectConfigurationPlatforms) = postSolution
		{17BC9A58-AA63-48B0-BF8D-F507C5DEACB0}.Debug|Any CPU.ActiveCfg = Debug|Any CPU
		{17BC9A58-AA63-48B0-BF8D-F507C5DEACB0}.Debug|Any CPU.Build.0 = Debug|Any CPU
		{17BC9A58-AA63-48B0-BF8D-F507C5DEACB0}.Debug|x64.ActiveCfg = Debug|Any CPU
		{17BC9A58-AA63-48B0-BF8D-F507C5DEACB0}.Debug|x64.Build.0 = Debug|Any CPU
		{17BC9A58-AA63-48B0-BF8D-F507C5DEACB0}.Debug|x86.ActiveCfg = Debug|Any CPU
		{17BC9A58-AA63-48B0-BF8D-F507C5DEACB0}.Debug|x86.Build.0 = Debug|Any CPU
		{17BC9A58-AA63-48B0-BF8D-F507C5DEACB0}.Release|Any CPU.ActiveCfg = Release|Any CPU
		{17BC9A58-AA63-48B0-BF8D-F507C5DEACB0}.Release|Any CPU.Build.0 = Release|Any CPU
		{17BC9A58-AA63-48B0-BF8D-F507C5DEACB0}.Release|x64.ActiveCfg = Release|Any CPU
		{17BC9A58-AA63-48B0-BF8D-F507C5DEACB0}.Release|x64.Build.0 = Release|Any CPU
		{17BC9A58-AA63-48B0-BF8D-F507C5DEACB0}.Release|x86.ActiveCfg = Release|Any CPU
		{17BC9A58-AA63-48B0-BF8D-F507C5DEACB0}.Release|x86.Build.0 = Release|Any CPU
		{59F4A8CB-3C8B-4962-A877-4B58F0285CC4}.Debug|Any CPU.ActiveCfg = Debug|Any CPU
		{59F4A8CB-3C8B-4962-A877-4B58F0285CC4}.Debug|Any CPU.Build.0 = Debug|Any CPU
		{59F4A8CB-3C8B-4962-A877-4B58F0285CC4}.Debug|x64.ActiveCfg = Debug|Any CPU
		{59F4A8CB-3C8B-4962-A877-4B58F0285CC4}.Debug|x64.Build.0 = Debug|Any CPU
		{59F4A8CB-3C8B-4962-A877-4B58F0285CC4}.Debug|x86.ActiveCfg = Debug|Any CPU
		{59F4A8CB-3C8B-4962-A877-4B58F0285CC4}.Debug|x86.Build.0 = Debug|Any CPU
		{59F4A8CB-3C8B-4962-A877-4B58F0285CC4}.Release|Any CPU.ActiveCfg = Release|Any CPU
		{59F4A8CB-3C8B-4962-A877-4B58F0285CC4}.Release|Any CPU.Build.0 = Release|Any CPU
		{59F4A8CB-3C8B-4962-A877-4B58F0285CC4}.Release|x64.ActiveCfg = Release|Any CPU
		{59F4A8CB-3C8B-4962-A877-4B58F0285CC4}.Release|x64.Build.0 = Release|Any CPU
		{59F4A8CB-3C8B-4962-A877-4B58F0285CC4}.Release|x86.ActiveCfg = Release|Any CPU
		{59F4A8CB-3C8B-4962-A877-4B58F0285CC4}.Release|x86.Build.0 = Release|Any CPU
		{18AD088F-B816-4D9D-BBF3-53C21B39CAC7}.Debug|Any CPU.ActiveCfg = Debug|Any CPU
		{18AD088F-B816-4D9D-BBF3-53C21B39CAC7}.Debug|Any CPU.Build.0 = Debug|Any CPU
		{18AD088F-B816-4D9D-BBF3-53C21B39CAC7}.Debug|x64.ActiveCfg = Debug|Any CPU
		{18AD088F-B816-4D9D-BBF3-53C21B39CAC7}.Debug|x64.Build.0 = Debug|Any CPU
		{18AD088F-B816-4D9D-BBF3-53C21B39CAC7}.Debug|x86.ActiveCfg = Debug|Any CPU
		{18AD088F-B816-4D9D-BBF3-53C21B39CAC7}.Debug|x86.Build.0 = Debug|Any CPU
		{18AD088F-B816-4D9D-BBF3-53C21B39CAC7}.Release|Any CPU.ActiveCfg = Release|Any CPU
		{18AD088F-B816-4D9D-BBF3-53C21B39CAC7}.Release|Any CPU.Build.0 = Release|Any CPU
		{18AD088F-B816-4D9D-BBF3-53C21B39CAC7}.Release|x64.ActiveCfg = Release|Any CPU
		{18AD088F-B816-4D9D-BBF3-53C21B39CAC7}.Release|x64.Build.0 = Release|Any CPU
		{18AD088F-B816-4D9D-BBF3-53C21B39CAC7}.Release|x86.ActiveCfg = Release|Any CPU
		{18AD088F-B816-4D9D-BBF3-53C21B39CAC7}.Release|x86.Build.0 = Release|Any CPU
		{FDE964AC-9B7D-47D3-A3CA-2D0CC0B8A0E4}.Debug|Any CPU.ActiveCfg = Debug|Any CPU
		{FDE964AC-9B7D-47D3-A3CA-2D0CC0B8A0E4}.Debug|Any CPU.Build.0 = Debug|Any CPU
		{FDE964AC-9B7D-47D3-A3CA-2D0CC0B8A0E4}.Debug|x64.ActiveCfg = Debug|Any CPU
		{FDE964AC-9B7D-47D3-A3CA-2D0CC0B8A0E4}.Debug|x64.Build.0 = Debug|Any CPU
		{FDE964AC-9B7D-47D3-A3CA-2D0CC0B8A0E4}.Debug|x86.ActiveCfg = Debug|Any CPU
		{FDE964AC-9B7D-47D3-A3CA-2D0CC0B8A0E4}.Debug|x86.Build.0 = Debug|Any CPU
		{FDE964AC-9B7D-47D3-A3CA-2D0CC0B8A0E4}.Release|Any CPU.ActiveCfg = Release|Any CPU
		{FDE964AC-9B7D-47D3-A3CA-2D0CC0B8A0E4}.Release|Any CPU.Build.0 = Release|Any CPU
		{FDE964AC-9B7D-47D3-A3CA-2D0CC0B8A0E4}.Release|x64.ActiveCfg = Release|Any CPU
		{FDE964AC-9B7D-47D3-A3CA-2D0CC0B8A0E4}.Release|x64.Build.0 = Release|Any CPU
		{FDE964AC-9B7D-47D3-A3CA-2D0CC0B8A0E4}.Release|x86.ActiveCfg = Release|Any CPU
		{FDE964AC-9B7D-47D3-A3CA-2D0CC0B8A0E4}.Release|x86.Build.0 = Release|Any CPU
	EndGlobalSection
	GlobalSection(SolutionProperties) = preSolution
		HideSolutionNode = FALSE
	EndGlobalSection
EndGlobal
